<?xml version="1.0" encoding="utf-8"?>
<Project ToolsVersion="4.0" xmlns="http://schemas.microsoft.com/developer/msbuild/2003">
  <ItemGroup>
    <Filter Include="Source Files">
      <UniqueIdentifier>{4FC737F1-C7A5-4376-A066-2A32D752A2FF}</UniqueIdentifier>
      <Extensions>cpp;c;cc;cxx;def;odl;idl;hpj;bat;asm;asmx</Extensions>
    </Filter>
    <Filter Include="Header Files">
      <UniqueIdentifier>{93995380-89BD-4b04-88EB-625FBE52EBFB}</UniqueIdentifier>
      <Extensions>h;hh;hpp;hxx;hm;inl;inc;ipp;xsd</Extensions>
    </Filter>
    <Filter Include="Resource Files">
      <UniqueIdentifier>{67DA6AB6-F800-4c08-8B7A-83BB121AAD01}</UniqueIdentifier>
      <Extensions>rc;ico;cur;bmp;dlg;rc2;rct;bin;rgs;gif;jpg;jpeg;jpe;resx;tiff;tif;png;wav;mfcribbon-ms</Extensions>
    </Filter>
    <Filter Include="Header Files\helpers">
      <UniqueIdentifier>{10c7fbbf-596a-482f-b45b-0ee2ebe361a5}</UniqueIdentifier>
    </Filter>
    <Filter Include="Header Files\controllers">
      <UniqueIdentifier>{9f0b551e-cdc7-4764-8da6-0d82f37e328e}</UniqueIdentifier>
    </Filter>
    <Filter Include="Header Files\characters">
      <UniqueIdentifier>{c9aeb785-ead8-4e8c-9ae6-5c71f3ba1bee}</UniqueIdentifier>
    </Filter>
    <Filter Include="Source Files\helpers">
      <UniqueIdentifier>{ee7d5624-010b-4961-a91d-0ff442052622}</UniqueIdentifier>
    </Filter>
    <Filter Include="Source Files\controllers">
      <UniqueIdentifier>{db3bac4f-50a8-45ba-b2f9-30151900b33b}</UniqueIdentifier>
    </Filter>
    <Filter Include="Source Files\characters">
      <UniqueIdentifier>{e58bbc9b-7995-4e83-acf8-ef04849bce8e}</UniqueIdentifier>
    </Filter>
    <Filter Include="Source Files\factories">
      <UniqueIdentifier>{51eafdf4-ccb2-4324-a05c-e9ada35b8acb}</UniqueIdentifier>
    </Filter>
    <Filter Include="Header Files\factories">
      <UniqueIdentifier>{e3943f68-3c40-46a4-a9d9-4a3e5df07a16}</UniqueIdentifier>
    </Filter>
  </ItemGroup>
  <ItemGroup>
    <ClCompile Include="main.cpp">
      <Filter>Source Files</Filter>
    </ClCompile>
    <ClCompile Include="helpers\common.cpp">
      <Filter>Source Files\helpers</Filter>
    </ClCompile>
    <ClCompile Include="helpers\output_wrapper.cpp">
      <Filter>Source Files\helpers</Filter>
    </ClCompile>
    <ClCompile Include="controllers\fresh_game.cpp">
      <Filter>Source Files\controllers</Filter>
    </ClCompile>
    <ClCompile Include="controllers\fresh_player.cpp">
      <Filter>Source Files\controllers</Filter>
    </ClCompile>
    <ClCompile Include="controllers\input_controller.cpp">
      <Filter>Source Files\controllers</Filter>
    </ClCompile>
    <ClCompile Include="characters\character.cpp">
      <Filter>Source Files\characters</Filter>
    </ClCompile>
    <ClCompile Include="characters\fresh_goblin.cpp">
      <Filter>Source Files\characters</Filter>
    </ClCompile>
    <ClCompile Include="characters\fresh_knight.cpp">
      <Filter>Source Files\characters</Filter>
    </ClCompile>
    <ClCompile Include="characters\fresh_wizard.cpp">
      <Filter>Source Files\characters</Filter>
    </ClCompile>
    <ClCompile Include="factories\knight_factory.cpp">
      <Filter>Source Files\factories</Filter>
    </ClCompile>
    <ClCompile Include="factories\goblin_factory.cpp">
      <Filter>Source Files\factories</Filter>
    </ClCompile>
    <ClCompile Include="factories\wizard_factory.cpp">
      <Filter>Source Files\factories</Filter>
    </ClCompile>
    <ClCompile Include="factories\base_factory.cpp">
      <Filter>Source Files\factories</Filter>
    </ClCompile>
  </ItemGroup>
  <ItemGroup>
    <ClInclude Include="helpers\common.h">
      <Filter>Header Files\helpers</Filter>
    </ClInclude>
    <ClInclude Include="helpers\headers.h">
      <Filter>Header Files\helpers</Filter>
    </ClInclude>
    <ClInclude Include="helpers\output_wrapper.h">
      <Filter>Header Files\helpers</Filter>
    </ClInclude>
    <ClInclude Include="controllers\fresh_game.h">
      <Filter>Header Files\controllers</Filter>
    </ClInclude>
    <ClInclude Include="controllers\fresh_player.h">
      <Filter>Header Files\controllers</Filter>
    </ClInclude>
    <ClInclude Include="controllers\input_controller.h">
      <Filter>Header Files\controllers</Filter>
    </ClInclude>
    <ClInclude Include="characters\character.h">
      <Filter>Header Files\characters</Filter>
    </ClInclude>
    <ClInclude Include="characters\fresh_goblin.h">
      <Filter>Header Files\characters</Filter>
    </ClInclude>
    <ClInclude Include="characters\fresh_knight.h">
      <Filter>Header Files\characters</Filter>
    </ClInclude>
    <ClInclude Include="characters\fresh_wizard.h">
      <Filter>Header Files\characters</Filter>
    </ClInclude>
    <ClInclude Include="factories\base_factory.h">
      <Filter>Header Files\factories</Filter>
    </ClInclude>
    <ClInclude Include="factories\knight_factory.h">
      <Filter>Header Files\factories</Filter>
    </ClInclude>
    <ClInclude Include="factories\goblin_factory.h">
      <Filter>Header Files\factories</Filter>
    </ClInclude>
    <ClInclude Include="factories\wizard_factory.h">
      <Filter>Header Files\factories</Filter>
    </ClInclude>
  </ItemGroup>
</Project>